<?xml version="1.0" encoding="utf-8"?>
<Project ToolsVersion="4.0" xmlns="http://schemas.microsoft.com/developer/msbuild/2003">
  <ItemGroup>
    <ClCompile Include="source\main.cpp">
      <Filter>Source Files</Filter>
    </ClCompile>
    <ClCompile Include="common\DLLInject.cpp">
      <Filter>Source Files</Filter>
    </ClCompile>
    <ClCompile Include="common\NtCreateThreadEx.cpp">
      <Filter>Source Files</Filter>
    </ClCompile>
    <ClCompile Include="common\GLWindow.cpp">
      <Filter>Source Files</Filter>
    </ClCompile>
  </ItemGroup>
  <ItemGroup>
    <Filter Include="Header Files">
      <UniqueIdentifier>{a2f6f7e7-63cc-437f-a214-76425078937f}</UniqueIdentifier>
    </Filter>
    <Filter Include="Source Files">
      <UniqueIdentifier>{c97e2b5e-ecf6-405a-8cd4-b132a236d8e0}</UniqueIdentifier>
    </Filter>
  </ItemGroup>
  <ItemGroup>
    <ClInclude Include="common\DLLInject.h">
      <Filter>Header Files</Filter>
    </ClInclude>
    <ClInclude Include="common\NtCreateThreadEx.h">
      <Filter>Header Files</Filter>
    </ClInclude>
    <ClInclude Include="common\GLWindow.h">
      <Filter>Header Files</Filter>
    </ClInclude>
  </ItemGroup>
  <ItemGroup>
    <MASM Include="source\loader.asm" />
  </ItemGroup>
</Project>